// !$*UTF8*$!
{
	archiveVersion = 1;
	classes = {
	};
	objectVersion = 56;
	objects = {

/* Begin PBXBuildFile section */
		AA29A2512B8733BB00DF6A05 /* DataStore.swift in Sources */ = {isa = PBXBuildFile; fileRef = AA29A2502B8733BB00DF6A05 /* DataStore.swift */; };
		AA63F58E2B836F00009FEFAF /* AppDelegate.swift in Sources */ = {isa = PBXBuildFile; fileRef = AA63F58D2B836F00009FEFAF /* AppDelegate.swift */; };
		AA63F5902B836F00009FEFAF /* SceneDelegate.swift in Sources */ = {isa = PBXBuildFile; fileRef = AA63F58F2B836F00009FEFAF /* SceneDelegate.swift */; };
		AA63F5922B836F00009FEFAF /* ViewController.swift in Sources */ = {isa = PBXBuildFile; fileRef = AA63F5912B836F00009FEFAF /* ViewController.swift */; };
		AA63F5972B836F04009FEFAF /* Assets.xcassets in Resources */ = {isa = PBXBuildFile; fileRef = AA63F5962B836F04009FEFAF /* Assets.xcassets */; };
		AA63F59A2B836F04009FEFAF /* LaunchScreen.storyboard in Resources */ = {isa = PBXBuildFile; fileRef = AA63F5982B836F04009FEFAF /* LaunchScreen.storyboard */; };
		AA63F5A62B837F3E009FEFAF /* NetworkManager.swift in Sources */ = {isa = PBXBuildFile; fileRef = AA63F5A52B837F3E009FEFAF /* NetworkManager.swift */; };
		AA63F5A82B838157009FEFAF /* Model.swift in Sources */ = {isa = PBXBuildFile; fileRef = AA63F5A72B838157009FEFAF /* Model.swift */; };
		AAFDA1F82B83C02300863247 /* FortuneTellingViewController.swift in Sources */ = {isa = PBXBuildFile; fileRef = AAFDA1F72B83C02300863247 /* FortuneTellingViewController.swift */; };
/* End PBXBuildFile section */

/* Begin PBXFileReference section */
		AA29A2502B8733BB00DF6A05 /* DataStore.swift */ = {isa = PBXFileReference; lastKnownFileType = sourcecode.swift; path = DataStore.swift; sourceTree = "<group>"; };
		AA63F58A2B836F00009FEFAF /* FortuneTellingByMemes.app */ = {isa = PBXFileReference; explicitFileType = wrapper.application; includeInIndex = 0; path = FortuneTellingByMemes.app; sourceTree = BUILT_PRODUCTS_DIR; };
		AA63F58D2B836F00009FEFAF /* AppDelegate.swift */ = {isa = PBXFileReference; lastKnownFileType = sourcecode.swift; path = AppDelegate.swift; sourceTree = "<group>"; };
		AA63F58F2B836F00009FEFAF /* SceneDelegate.swift */ = {isa = PBXFileReference; lastKnownFileType = sourcecode.swift; path = SceneDelegate.swift; sourceTree = "<group>"; };
		AA63F5912B836F00009FEFAF /* ViewController.swift */ = {isa = PBXFileReference; lastKnownFileType = sourcecode.swift; path = ViewController.swift; sourceTree = "<group>"; };
		AA63F5962B836F04009FEFAF /* Assets.xcassets */ = {isa = PBXFileReference; lastKnownFileType = folder.assetcatalog; path = Assets.xcassets; sourceTree = "<group>"; };
		AA63F5992B836F04009FEFAF /* Base */ = {isa = PBXFileReference; lastKnownFileType = file.storyboard; name = Base; path = Base.lproj/LaunchScreen.storyboard; sourceTree = "<group>"; };
		AA63F59B2B836F04009FEFAF /* Info.plist */ = {isa = PBXFileReference; lastKnownFileType = text.plist.xml; path = Info.plist; sourceTree = "<group>"; };
		AA63F5A52B837F3E009FEFAF /* NetworkManager.swift */ = {isa = PBXFileReference; lastKnownFileType = sourcecode.swift; path = NetworkManager.swift; sourceTree = "<group>"; };
		AA63F5A72B838157009FEFAF /* Model.swift */ = {isa = PBXFileReference; lastKnownFileType = sourcecode.swift; path = Model.swift; sourceTree = "<group>"; };
		AAFDA1F72B83C02300863247 /* FortuneTellingViewController.swift */ = {isa = PBXFileReference; lastKnownFileType = sourcecode.swift; path = FortuneTellingViewController.swift; sourceTree = "<group>"; };
/* End PBXFileReference section */

/* Begin PBXFrameworksBuildPhase section */
		AA63F5872B836F00009FEFAF /* Frameworks */ = {
			isa = PBXFrameworksBuildPhase;
			buildActionMask = 2147483647;
			files = (
			);
			runOnlyForDeploymentPostprocessing = 0;
		};
/* End PBXFrameworksBuildPhase section */

/* Begin PBXGroup section */
		AA63F5812B836F00009FEFAF = {
			isa = PBXGroup;
			children = (
				AA63F58C2B836F00009FEFAF /* FortuneTellingByMemes */,
				AA63F58B2B836F00009FEFAF /* Products */,
			);
			sourceTree = "<group>";
		};
		AA63F58B2B836F00009FEFAF /* Products */ = {
			isa = PBXGroup;
			children = (
				AA63F58A2B836F00009FEFAF /* FortuneTellingByMemes.app */,
			);
			name = Products;
			sourceTree = "<group>";
		};
		AA63F58C2B836F00009FEFAF /* FortuneTellingByMemes */ = {
			isa = PBXGroup;
			children = (
				AA63F5A12B837EA5009FEFAF /* Application */,
				AA63F5A42B837F08009FEFAF /* Model */,
				AA63F5A22B837EB9009FEFAF /* Controller */,
				AA63F5A32B837EC8009FEFAF /* Networking */,
				AA63F5962B836F04009FEFAF /* Assets.xcassets */,
				AA63F5982B836F04009FEFAF /* LaunchScreen.storyboard */,
				AA63F59B2B836F04009FEFAF /* Info.plist */,
			);
			path = FortuneTellingByMemes;
			sourceTree = "<group>";
		};
		AA63F5A12B837EA5009FEFAF /* Application */ = {
			isa = PBXGroup;
			children = (
				AA63F58D2B836F00009FEFAF /* AppDelegate.swift */,
				AA63F58F2B836F00009FEFAF /* SceneDelegate.swift */,
			);
			path = Application;
			sourceTree = "<group>";
		};
		AA63F5A22B837EB9009FEFAF /* Controller */ = {
			isa = PBXGroup;
			children = (
				AA63F5912B836F00009FEFAF /* ViewController.swift */,
				AAFDA1F72B83C02300863247 /* FortuneTellingViewController.swift */,
			);
			path = Controller;
			sourceTree = "<group>";
		};
		AA63F5A32B837EC8009FEFAF /* Networking */ = {
			isa = PBXGroup;
			children = (
				AA63F5A52B837F3E009FEFAF /* NetworkManager.swift */,
			);
			path = Networking;
			sourceTree = "<group>";
		};
		AA63F5A42B837F08009FEFAF /* Model */ = {
			isa = PBXGroup;
			children = (
				AA63F5A72B838157009FEFAF /* Model.swift */,
				AA29A2502B8733BB00DF6A05 /* DataStore.swift */,
			);
			path = Model;
			sourceTree = "<group>";
		};
/* End PBXGroup section */

/* Begin PBXNativeTarget section */
		AA63F5892B836F00009FEFAF /* FortuneTellingByMemes */ = {
			isa = PBXNativeTarget;
			buildConfigurationList = AA63F59E2B836F04009FEFAF /* Build configuration list for PBXNativeTarget "FortuneTellingByMemes" */;
			buildPhases = (
				AA63F5862B836F00009FEFAF /* Sources */,
				AA63F5872B836F00009FEFAF /* Frameworks */,
				AA63F5882B836F00009FEFAF /* Resources */,
			);
			buildRules = (
			);
			dependencies = (
			);
			name = FortuneTellingByMemes;
			productName = FortuneTellingByMemes;
			productReference = AA63F58A2B836F00009FEFAF /* FortuneTellingByMemes.app */;
			productType = "com.apple.product-type.application";
		};
/* End PBXNativeTarget section */

/* Begin PBXProject section */
		AA63F5822B836F00009FEFAF /* Project object */ = {
			isa = PBXProject;
			attributes = {
				BuildIndependentTargetsInParallel = 1;
				LastSwiftUpdateCheck = 1520;
				LastUpgradeCheck = 1520;
				TargetAttributes = {
					AA63F5892B836F00009FEFAF = {
						CreatedOnToolsVersion = 15.2;
					};
				};
			};
			buildConfigurationList = AA63F5852B836F00009FEFAF /* Build configuration list for PBXProject "FortuneTellingByMemes" */;
			compatibilityVersion = "Xcode 14.0";
			developmentRegion = en;
			hasScannedForEncodings = 0;
			knownRegions = (
				en,
				Base,
			);
			mainGroup = AA63F5812B836F00009FEFAF;
			productRefGroup = AA63F58B2B836F00009FEFAF /* Products */;
			projectDirPath = "";
			projectRoot = "";
			targets = (
				AA63F5892B836F00009FEFAF /* FortuneTellingByMemes */,
			);
		};
/* End PBXProject section */

/* Begin PBXResourcesBuildPhase section */
		AA63F5882B836F00009FEFAF /* Resources */ = {
			isa = PBXResourcesBuildPhase;
			buildActionMask = 2147483647;
			files = (
				AA63F59A2B836F04009FEFAF /* LaunchScreen.storyboard in Resources */,
				AA63F5972B836F04009FEFAF /* Assets.xcassets in Resources */,
			);
			runOnlyForDeploymentPostprocessing = 0;
		};
/* End PBXResourcesBuildPhase section */

/* Begin PBXSourcesBuildPhase section */
		AA63F5862B836F00009FEFAF /* Sources */ = {
			isa = PBXSourcesBuildPhase;
			buildActionMask = 2147483647;
			files = (
				AA29A2512B8733BB00DF6A05 /* DataStore.swift in Sources */,
				AA63F5A82B838157009FEFAF /* Model.swift in Sources */,
				AA63F5A62B837F3E009FEFAF /* NetworkManager.swift in Sources */,
				AA63F5922B836F00009FEFAF /* ViewController.swift in Sources */,
				AA63F58E2B836F00009FEFAF /* AppDelegate.swift in Sources */,
				AAFDA1F82B83C02300863247 /* FortuneTellingViewController.swift in Sources */,
				AA63F5902B836F00009FEFAF /* SceneDelegate.swift in Sources */,
			);
			runOnlyForDeploymentPostprocessing = 0;
		};
/* End PBXSourcesBuildPhase section */

/* Begin PBXVariantGroup section */
		AA63F5982B836F04009FEFAF /* LaunchScreen.storyboard */ = {
			isa = PBXVariantGroup;
			children = (
				AA63F5992B836F04009FEFAF /* Base */,
			);
			name = LaunchScreen.storyboard;
			sourceTree = "<group>";
		};
/* End PBXVariantGroup section */

/* Begin XCBuildConfiguration section */
		AA63F59C2B836F04009FEFAF /* Debug */ = {
			isa = XCBuildConfiguration;
			buildSettings = {
				ALWAYS_SEARCH_USER_PATHS = NO;
				ASSETCATALOG_COMPILER_GENERATE_SWIFT_ASSET_SYMBOL_EXTENSIONS = YES;
				CLANG_ANALYZER_NONNULL = YES;
				CLANG_ANALYZER_NUMBER_OBJECT_CONVERSION = YES_AGGRESSIVE;
				CLANG_CXX_LANGUAGE_STANDARD = "gnu++20";
				CLANG_ENABLE_MODULES = YES;
				CLANG_ENABLE_OBJC_ARC = YES;
				CLANG_ENABLE_OBJC_WEAK = YES;
				CLANG_WARN_BLOCK_CAPTURE_AUTORELEASING = YES;
				CLANG_WARN_BOOL_CONVERSION = YES;
				CLANG_WARN_COMMA = YES;
				CLANG_WARN_CONSTANT_CONVERSION = YES;
				CLANG_WARN_DEPRECATED_OBJC_IMPLEMENTATIONS = YES;
				CLANG_WARN_DIRECT_OBJC_ISA_USAGE = YES_ERROR;
				CLANG_WARN_DOCUMENTATION_COMMENTS = YES;
				CLANG_WARN_EMPTY_BODY = YES;
				CLANG_WARN_ENUM_CONVERSION = YES;
				CLANG_WARN_INFINITE_RECURSION = YES;
				CLANG_WARN_INT_CONVERSION = YES;
				CLANG_WARN_NON_LITERAL_NULL_CONVERSION = YES;
				CLANG_WARN_OBJC_IMPLICIT_RETAIN_SELF = YES;
				CLANG_WARN_OBJC_LITERAL_CONVERSION = YES;
				CLANG_WARN_OBJC_ROOT_CLASS = YES_ERROR;
				CLANG_WARN_QUOTED_INCLUDE_IN_FRAMEWORK_HEADER = YES;
				CLANG_WARN_RANGE_LOOP_ANALYSIS = YES;
				CLANG_WARN_STRICT_PROTOTYPES = YES;
				CLANG_WARN_SUSPICIOUS_MOVE = YES;
				CLANG_WARN_UNGUARDED_AVAILABILITY = YES_AGGRESSIVE;
				CLANG_WARN_UNREACHABLE_CODE = YES;
				CLANG_WARN__DUPLICATE_METHOD_MATCH = YES;
				COPY_PHASE_STRIP = NO;
				DEBUG_INFORMATION_FORMAT = dwarf;
				ENABLE_STRICT_OBJC_MSGSEND = YES;
				ENABLE_TESTABILITY = YES;
				ENABLE_USER_SCRIPT_SANDBOXING = YES;
				GCC_C_LANGUAGE_STANDARD = gnu17;
				GCC_DYNAMIC_NO_PIC = NO;
				GCC_NO_COMMON_BLOCKS = YES;
				GCC_OPTIMIZATION_LEVEL = 0;
				GCC_PREPROCESSOR_DEFINITIONS = (
					"DEBUG=1",
					"$(inherited)",
				);
				GCC_WARN_64_TO_32_BIT_CONVERSION = YES;
				GCC_WARN_ABOUT_RETURN_TYPE = YES_ERROR;
				GCC_WARN_UNDECLARED_SELECTOR = YES;
				GCC_WARN_UNINITIALIZED_AUTOS = YES_AGGRESSIVE;
				GCC_WARN_UNUSED_FUNCTION = YES;
				GCC_WARN_UNUSED_VARIABLE = YES;
				IPHONEOS_DEPLOYMENT_TARGET = 17.2;
				LOCALIZATION_PREFERS_STRING_CATALOGS = YES;
				MTL_ENABLE_DEBUG_INFO = INCLUDE_SOURCE;
				MTL_FAST_MATH = YES;
				ONLY_ACTIVE_ARCH = YES;
				SDKROOT = iphoneos;
				SWIFT_ACTIVE_COMPILATION_CONDITIONS = "DEBUG $(inherited)";
				SWIFT_OPTIMIZATION_LEVEL = "-Onone";
			};
			name = Debug;
		};
		AA63F59D2B836F04009FEFAF /* Release */ = {
			isa = XCBuildConfiguration;
			buildSettings = {
				ALWAYS_SEARCH_USER_PATHS = NO;
				ASSETCATALOG_COMPILER_GENERATE_SWIFT_ASSET_SYMBOL_EXTENSIONS = YES;
				CLANG_ANALYZER_NONNULL = YES;
				CLANG_ANALYZER_NUMBER_OBJECT_CONVERSION = YES_AGGRESSIVE;
				CLANG_CXX_LANGUAGE_STANDARD = "gnu++20";
				CLANG_ENABLE_MODULES = YES;
				CLANG_ENABLE_OBJC_ARC = YES;
				CLANG_ENABLE_OBJC_WEAK = YES;
				CLANG_WARN_BLOCK_CAPTURE_AUTORELEASING = YES;
				CLANG_WARN_BOOL_CONVERSION = YES;
				CLANG_WARN_COMMA = YES;
				CLANG_WARN_CONSTANT_CONVERSION = YES;
				CLANG_WARN_DEPRECATED_OBJC_IMPLEMENTATIONS = YES;
				CLANG_WARN_DIRECT_OBJC_ISA_USAGE = YES_ERROR;
				CLANG_WARN_DOCUMENTATION_COMMENTS = YES;
				CLANG_WARN_EMPTY_BODY = YES;
				CLANG_WARN_ENUM_CONVERSION = YES;
				CLANG_WARN_INFINITE_RECURSION = YES;
				CLANG_WARN_INT_CONVERSION = YES;
				CLANG_WARN_NON_LITERAL_NULL_CONVERSION = YES;
				CLANG_WARN_OBJC_IMPLICIT_RETAIN_SELF = YES;
				CLANG_WARN_OBJC_LITERAL_CONVERSION = YES;
				CLANG_WARN_OBJC_ROOT_CLASS = YES_ERROR;
				CLANG_WARN_QUOTED_INCLUDE_IN_FRAMEWORK_HEADER = YES;
				CLANG_WARN_RANGE_LOOP_ANALYSIS = YES;
				CLANG_WARN_STRICT_PROTOTYPES = YES;
				CLANG_WARN_SUSPICIOUS_MOVE = YES;
				CLANG_WARN_UNGUARDED_AVAILABILITY = YES_AGGRESSIVE;
				CLANG_WARN_UNREACHABLE_CODE = YES;
				CLANG_WARN__DUPLICATE_METHOD_MATCH = YES;
				COPY_PHASE_STRIP = NO;
				DEBUG_INFORMATION_FORMAT = "dwarf-with-dsym";
				ENABLE_NS_ASSERTIONS = NO;
				ENABLE_STRICT_OBJC_MSGSEND = YES;
				ENABLE_USER_SCRIPT_SANDBOXING = YES;
				GCC_C_LANGUAGE_STANDARD = gnu17;
				GCC_NO_COMMON_BLOCKS = YES;
				GCC_WARN_64_TO_32_BIT_CONVERSION = YES;
				GCC_WARN_ABOUT_RETURN_TYPE = YES_ERROR;
				GCC_WARN_UNDECLARED_SELECTOR = YES;
				GCC_WARN_UNINITIALIZED_AUTOS = YES_AGGRESSIVE;
				GCC_WARN_UNUSED_FUNCTION = YES;
				GCC_WARN_UNUSED_VARIABLE = YES;
				IPHONEOS_DEPLOYMENT_TARGET = 17.2;
				LOCALIZATION_PREFERS_STRING_CATALOGS = YES;
				MTL_ENABLE_DEBUG_INFO = NO;
				MTL_FAST_MATH = YES;
				SDKROOT = iphoneos;
				SWIFT_COMPILATION_MODE = wholemodule;
				VALIDATE_PRODUCT = YES;
			};
			name = Release;
		};
		AA63F59F2B836F04009FEFAF /* Debug */ = {
			isa = XCBuildConfiguration;
			buildSettings = {
				ASSETCATALOG_COMPILER_APPICON_NAME = AppIcon;
				ASSETCATALOG_COMPILER_GLOBAL_ACCENT_COLOR_NAME = AccentColor;
				CODE_SIGN_STYLE = Automatic;
				CURRENT_PROJECT_VERSION = 1;
				DEVELOPMENT_TEAM = 6XNY2R8437;
				GENERATE_INFOPLIST_FILE = YES;
				INFOPLIST_FILE = FortuneTellingByMemes/Info.plist;
				INFOPLIST_KEY_UIApplicationSupportsIndirectInputEvents = YES;
				INFOPLIST_KEY_UILaunchStoryboardName = LaunchScreen;
				INFOPLIST_KEY_UISupportedInterfaceOrientations_iPad = "UIInterfaceOrientationPortrait UIInterfaceOrientationPortraitUpsideDown UIInterfaceOrientationLandscapeLeft UIInterfaceOrientationLandscapeRight";
				INFOPLIST_KEY_UISupportedInterfaceOrientations_iPhone = "UIInterfaceOrientationPortrait UIInterfaceOrientationLandscapeLeft UIInterfaceOrientationLandscapeRight";
				LD_RUNPATH_SEARCH_PATHS = (
					"$(inherited)",
					"@executable_path/Frameworks",
				);
				MARKETING_VERSION = 1.0;
				PRODUCT_BUNDLE_IDENTIFIER = com.blank.FortuneTellingByMemes;
				PRODUCT_NAME = "$(TARGET_NAME)";
				SWIFT_EMIT_LOC_STRINGS = YES;
				SWIFT_VERSION = 5.0;
				TARGETED_DEVICE_FAMILY = "1,2";
			};
			name = Debug;
		};
		AA63F5A02B836F04009FEFAF /* Release */ = {
			isa = XCBuildConfiguration;
			buildSettings = {
				ASSETCATALOG_COMPILER_APPICON_NAME = AppIcon;
				ASSETCATALOG_COMPILER_GLOBAL_ACCENT_COLOR_NAME = AccentColor;
				CODE_SIGN_STYLE = Automatic;
				CURRENT_PROJECT_VERSION = 1;
				DEVELOPMENT_TEAM = 6XNY2R8437;
				GENERATE_INFOPLIST_FILE = YES;
				INFOPLIST_FILE = FortuneTellingByMemes/Info.plist;
				INFOPLIST_KEY_UIApplicationSupportsIndirectInputEvents = YES;
				INFOPLIST_KEY_UILaunchStoryboardName = LaunchScreen;
				INFOPLIST_KEY_UISupportedInterfaceOrientations_iPad = "UIInterfaceOrientationPortrait UIInterfaceOrientationPortraitUpsideDown UIInterfaceOrientationLandscapeLeft UIInterfaceOrientationLandscapeRight";
				INFOPLIST_KEY_UISupportedInterfaceOrientations_iPhone = "UIInterfaceOrientationPortrait UIInterfaceOrientationLandscapeLeft UIInterfaceOrientationLandscapeRight";
				LD_RUNPATH_SEARCH_PATHS = (
					"$(inherited)",
					"@executable_path/Frameworks",
				);
				MARKETING_VERSION = 1.0;
				PRODUCT_BUNDLE_IDENTIFIER = com.blank.FortuneTellingByMemes;
				PRODUCT_NAME = "$(TARGET_NAME)";
				SWIFT_EMIT_LOC_STRINGS = YES;
				SWIFT_VERSION = 5.0;
				TARGETED_DEVICE_FAMILY = "1,2";
			};
			name = Release;
		};
/* End XCBuildConfiguration section */

/* Begin XCConfigurationList section */
		AA63F5852B836F00009FEFAF /* Build configuration list for PBXProject "FortuneTellingByMemes" */ = {
			isa = XCConfigurationList;
			buildConfigurations = (
				AA63F59C2B836F04009FEFAF /* Debug */,
				AA63F59D2B836F04009FEFAF /* Release */,
			);
			defaultConfigurationIsVisible = 0;
			defaultConfigurationName = Release;
		};
		AA63F59E2B836F04009FEFAF /* Build configuration list for PBXNativeTarget "FortuneTellingByMemes" */ = {
			isa = XCConfigurationList;
			buildConfigurations = (
				AA63F59F2B836F04009FEFAF /* Debug */,
				AA63F5A02B836F04009FEFAF /* Release */,
			);
			defaultConfigurationIsVisible = 0;
			defaultConfigurationName = Release;
		};
/* End XCConfigurationList section */
	};
	rootObject = AA63F5822B836F00009FEFAF /* Project object */;
}
